// !$*UTF8*$!
{
	archiveVersion = 1;
	classes = {
	};
	objectVersion = 46;
	objects = {

/* Begin PBXBuildFile section */
		120986E11F8F200700D90270 /* AppDelegate.swift in Sources */ = {isa = PBXBuildFile; fileRef = 120986E01F8F200700D90270 /* AppDelegate.swift */; };
		120986E31F8F200700D90270 /* ViewController.swift in Sources */ = {isa = PBXBuildFile; fileRef = 120986E21F8F200700D90270 /* ViewController.swift */; };
		120986E61F8F200700D90270 /* Main.storyboard in Resources */ = {isa = PBXBuildFile; fileRef = 120986E41F8F200700D90270 /* Main.storyboard */; };
		120986E81F8F200700D90270 /* Assets.xcassets in Resources */ = {isa = PBXBuildFile; fileRef = 120986E71F8F200700D90270 /* Assets.xcassets */; };
		120986EB1F8F200700D90270 /* LaunchScreen.storyboard in Resources */ = {isa = PBXBuildFile; fileRef = 120986E91F8F200700D90270 /* LaunchScreen.storyboard */; };
		120986F61F8F200700D90270 /* Shadow_ButtonTests.swift in Sources */ = {isa = PBXBuildFile; fileRef = 120986F51F8F200700D90270 /* Shadow_ButtonTests.swift */; };
		120987011F8F200700D90270 /* Shadow_ButtonUITests.swift in Sources */ = {isa = PBXBuildFile; fileRef = 120987001F8F200700D90270 /* Shadow_ButtonUITests.swift */; };
/* End PBXBuildFile section */

/* Begin PBXContainerItemProxy section */
		120986F21F8F200700D90270 /* PBXContainerItemProxy */ = {
			isa = PBXContainerItemProxy;
			containerPortal = 120986D51F8F200700D90270 /* Project object */;
			proxyType = 1;
			remoteGlobalIDString = 120986DC1F8F200700D90270;
			remoteInfo = "Shadow Button";
		};
		120986FD1F8F200700D90270 /* PBXContainerItemProxy */ = {
			isa = PBXContainerItemProxy;
			containerPortal = 120986D51F8F200700D90270 /* Project object */;
			proxyType = 1;
			remoteGlobalIDString = 120986DC1F8F200700D90270;
			remoteInfo = "Shadow Button";
		};
/* End PBXContainerItemProxy section */

/* Begin PBXFileReference section */
		120986DD1F8F200700D90270 /* Shadow Button.app */ = {isa = PBXFileReference; explicitFileType = wrapper.application; includeInIndex = 0; path = "Shadow Button.app"; sourceTree = BUILT_PRODUCTS_DIR; };
		120986E01F8F200700D90270 /* AppDelegate.swift */ = {isa = PBXFileReference; lastKnownFileType = sourcecode.swift; path = AppDelegate.swift; sourceTree = "<group>"; };
		120986E21F8F200700D90270 /* ViewController.swift */ = {isa = PBXFileReference; lastKnownFileType = sourcecode.swift; path = ViewController.swift; sourceTree = "<group>"; };
		120986E51F8F200700D90270 /* Base */ = {isa = PBXFileReference; lastKnownFileType = file.storyboard; name = Base; path = Base.lproj/Main.storyboard; sourceTree = "<group>"; };
		120986E71F8F200700D90270 /* Assets.xcassets */ = {isa = PBXFileReference; lastKnownFileType = folder.assetcatalog; path = Assets.xcassets; sourceTree = "<group>"; };
		120986EA1F8F200700D90270 /* Base */ = {isa = PBXFileReference; lastKnownFileType = file.storyboard; name = Base; path = Base.lproj/LaunchScreen.storyboard; sourceTree = "<group>"; };
		120986EC1F8F200700D90270 /* Info.plist */ = {isa = PBXFileReference; lastKnownFileType = text.plist.xml; path = Info.plist; sourceTree = "<group>"; };
		120986F11F8F200700D90270 /* Shadow ButtonTests.xctest */ = {isa = PBXFileReference; explicitFileType = wrapper.cfbundle; includeInIndex = 0; path = "Shadow ButtonTests.xctest"; sourceTree = BUILT_PRODUCTS_DIR; };
		120986F51F8F200700D90270 /* Shadow_ButtonTests.swift */ = {isa = PBXFileReference; lastKnownFileType = sourcecode.swift; path = Shadow_ButtonTests.swift; sourceTree = "<group>"; };
		120986F71F8F200700D90270 /* Info.plist */ = {isa = PBXFileReference; lastKnownFileType = text.plist.xml; path = Info.plist; sourceTree = "<group>"; };
		120986FC1F8F200700D90270 /* Shadow ButtonUITests.xctest */ = {isa = PBXFileReference; explicitFileType = wrapper.cfbundle; includeInIndex = 0; path = "Shadow ButtonUITests.xctest"; sourceTree = BUILT_PRODUCTS_DIR; };
		120987001F8F200700D90270 /* Shadow_ButtonUITests.swift */ = {isa = PBXFileReference; lastKnownFileType = sourcecode.swift; path = Shadow_ButtonUITests.swift; sourceTree = "<group>"; };
		120987021F8F200700D90270 /* Info.plist */ = {isa = PBXFileReference; lastKnownFileType = text.plist.xml; path = Info.plist; sourceTree = "<group>"; };
/* End PBXFileReference section */

/* Begin PBXFrameworksBuildPhase section */
		120986DA1F8F200700D90270 /* Frameworks */ = {
			isa = PBXFrameworksBuildPhase;
			buildActionMask = 2147483647;
			files = (
			);
			runOnlyForDeploymentPostprocessing = 0;
		};
		120986EE1F8F200700D90270 /* Frameworks */ = {
			isa = PBXFrameworksBuildPhase;
			buildActionMask = 2147483647;
			files = (
			);
			runOnlyForDeploymentPostprocessing = 0;
		};
		120986F91F8F200700D90270 /* Frameworks */ = {
			isa = PBXFrameworksBuildPhase;
			buildActionMask = 2147483647;
			files = (
			);
			runOnlyForDeploymentPostprocessing = 0;
		};
/* End PBXFrameworksBuildPhase section */

/* Begin PBXGroup section */
		120986D41F8F200700D90270 = {
			isa = PBXGroup;
			children = (
				120986DF1F8F200700D90270 /* Shadow Button */,
				120986F41F8F200700D90270 /* Shadow ButtonTests */,
				120986FF1F8F200700D90270 /* Shadow ButtonUITests */,
				120986DE1F8F200700D90270 /* Products */,
			);
			sourceTree = "<group>";
		};
		120986DE1F8F200700D90270 /* Products */ = {
			isa = PBXGroup;
			children = (
				120986DD1F8F200700D90270 /* Shadow Button.app */,
				120986F11F8F200700D90270 /* Shadow ButtonTests.xctest */,
				120986FC1F8F200700D90270 /* Shadow ButtonUITests.xctest */,
			);
			name = Products;
			sourceTree = "<group>";
		};
		120986DF1F8F200700D90270 /* Shadow Button */ = {
			isa = PBXGroup;
			children = (
				120986E01F8F200700D90270 /* AppDelegate.swift */,
				120986E21F8F200700D90270 /* ViewController.swift */,
				120986E41F8F200700D90270 /* Main.storyboard */,
				120986E71F8F200700D90270 /* Assets.xcassets */,
				120986E91F8F200700D90270 /* LaunchScreen.storyboard */,
				120986EC1F8F200700D90270 /* Info.plist */,
			);
			path = "Shadow Button";
			sourceTree = "<group>";
		};
		120986F41F8F200700D90270 /* Shadow ButtonTests */ = {
			isa = PBXGroup;
			children = (
				120986F51F8F200700D90270 /* Shadow_ButtonTests.swift */,
				120986F71F8F200700D90270 /* Info.plist */,
			);
			path = "Shadow ButtonTests";
			sourceTree = "<group>";
		};
		120986FF1F8F200700D90270 /* Shadow ButtonUITests */ = {
			isa = PBXGroup;
			children = (
				120987001F8F200700D90270 /* Shadow_ButtonUITests.swift */,
				120987021F8F200700D90270 /* Info.plist */,
			);
			path = "Shadow ButtonUITests";
			sourceTree = "<group>";
		};
/* End PBXGroup section */

/* Begin PBXNativeTarget section */
		120986DC1F8F200700D90270 /* Shadow Button */ = {
			isa = PBXNativeTarget;
			buildConfigurationList = 120987051F8F200700D90270 /* Build configuration list for PBXNativeTarget "Shadow Button" */;
			buildPhases = (
				120986D91F8F200700D90270 /* Sources */,
				120986DA1F8F200700D90270 /* Frameworks */,
				120986DB1F8F200700D90270 /* Resources */,
			);
			buildRules = (
			);
			dependencies = (
			);
			name = "Shadow Button";
			productName = "Shadow Button";
			productReference = 120986DD1F8F200700D90270 /* Shadow Button.app */;
			productType = "com.apple.product-type.application";
		};
		120986F01F8F200700D90270 /* Shadow ButtonTests */ = {
			isa = PBXNativeTarget;
			buildConfigurationList = 120987081F8F200700D90270 /* Build configuration list for PBXNativeTarget "Shadow ButtonTests" */;
			buildPhases = (
				120986ED1F8F200700D90270 /* Sources */,
				120986EE1F8F200700D90270 /* Frameworks */,
				120986EF1F8F200700D90270 /* Resources */,
			);
			buildRules = (
			);
			dependencies = (
				120986F31F8F200700D90270 /* PBXTargetDependency */,
			);
			name = "Shadow ButtonTests";
			productName = "Shadow ButtonTests";
			productReference = 120986F11F8F200700D90270 /* Shadow ButtonTests.xctest */;
			productType = "com.apple.product-type.bundle.unit-test";
		};
		120986FB1F8F200700D90270 /* Shadow ButtonUITests */ = {
			isa = PBXNativeTarget;
			buildConfigurationList = 1209870B1F8F200700D90270 /* Build configuration list for PBXNativeTarget "Shadow ButtonUITests" */;
			buildPhases = (
				120986F81F8F200700D90270 /* Sources */,
				120986F91F8F200700D90270 /* Frameworks */,
				120986FA1F8F200700D90270 /* Resources */,
			);
			buildRules = (
			);
			dependencies = (
				120986FE1F8F200700D90270 /* PBXTargetDependency */,
			);
			name = "Shadow ButtonUITests";
			productName = "Shadow ButtonUITests";
			productReference = 120986FC1F8F200700D90270 /* Shadow ButtonUITests.xctest */;
			productType = "com.apple.product-type.bundle.ui-testing";
		};
/* End PBXNativeTarget section */

/* Begin PBXProject section */
		120986D51F8F200700D90270 /* Project object */ = {
			isa = PBXProject;
			attributes = {
				LastSwiftUpdateCheck = 0830;
				LastUpgradeCheck = 0830;
				ORGANIZATIONNAME = "arif luqman rabono";
				TargetAttributes = {
					120986DC1F8F200700D90270 = {
						CreatedOnToolsVersion = 8.3.3;
						DevelopmentTeam = 3VQPNA4MTA;
						ProvisioningStyle = Automatic;
					};
					120986F01F8F200700D90270 = {
						CreatedOnToolsVersion = 8.3.3;
						DevelopmentTeam = 3VQPNA4MTA;
						ProvisioningStyle = Automatic;
						TestTargetID = 120986DC1F8F200700D90270;
					};
					120986FB1F8F200700D90270 = {
						CreatedOnToolsVersion = 8.3.3;
						DevelopmentTeam = 3VQPNA4MTA;
						ProvisioningStyle = Automatic;
						TestTargetID = 120986DC1F8F200700D90270;
					};
				};
			};
			buildConfigurationList = 120986D81F8F200700D90270 /* Build configuration list for PBXProject "Shadow Button" */;
			compatibilityVersion = "Xcode 3.2";
			developmentRegion = English;
			hasScannedForEncodings = 0;
			knownRegions = (
				en,
				Base,
			);
			mainGroup = 120986D41F8F200700D90270;
			productRefGroup = 120986DE1F8F200700D90270 /* Products */;
			projectDirPath = "";
			projectRoot = "";
			targets = (
				120986DC1F8F200700D90270 /* Shadow Button */,
				120986F01F8F200700D90270 /* Shadow ButtonTests */,
				120986FB1F8F200700D90270 /* Shadow ButtonUITests */,
			);
		};
/* End PBXProject section */

/* Begin PBXResourcesBuildPhase section */
		120986DB1F8F200700D90270 /* Resources */ = {
			isa = PBXResourcesBuildPhase;
			buildActionMask = 2147483647;
			files = (
				120986EB1F8F200700D90270 /* LaunchScreen.storyboard in Resources */,
				120986E81F8F200700D90270 /* Assets.xcassets in Resources */,
				120986E61F8F200700D90270 /* Main.storyboard in Resources */,
			);
			runOnlyForDeploymentPostprocessing = 0;
		};
		120986EF1F8F200700D90270 /* Resources */ = {
			isa = PBXResourcesBuildPhase;
			buildActionMask = 2147483647;
			files = (
			);
			runOnlyForDeploymentPostprocessing = 0;
		};
		120986FA1F8F200700D90270 /* Resources */ = {
			isa = PBXResourcesBuildPhase;
			buildActionMask = 2147483647;
			files = (
			);
			runOnlyForDeploymentPostprocessing = 0;
		};
/* End PBXResourcesBuildPhase section */

/* Begin PBXSourcesBuildPhase section */
		120986D91F8F200700D90270 /* Sources */ = {
			isa = PBXSourcesBuildPhase;
			buildActionMask = 2147483647;
			files = (
				120986E31F8F200700D90270 /* ViewController.swift in Sources */,
				120986E11F8F200700D90270 /* AppDelegate.swift in Sources */,
			);
			runOnlyForDeploymentPostprocessing = 0;
		};
		120986ED1F8F200700D90270 /* Sources */ = {
			isa = PBXSourcesBuildPhase;
			buildActionMask = 2147483647;
			files = (
				120986F61F8F200700D90270 /* Shadow_ButtonTests.swift in Sources */,
			);
			runOnlyForDeploymentPostprocessing = 0;
		};
		120986F81F8F200700D90270 /* Sources */ = {
			isa = PBXSourcesBuildPhase;
			buildActionMask = 2147483647;
			files = (
				120987011F8F200700D90270 /* Shadow_ButtonUITests.swift in Sources */,
			);
			runOnlyForDeploymentPostprocessing = 0;
		};
/* End PBXSourcesBuildPhase section */

/* Begin PBXTargetDependency section */
		120986F31F8F200700D90270 /* PBXTargetDependency */ = {
			isa = PBXTargetDependency;
			target = 120986DC1F8F200700D90270 /* Shadow Button */;
			targetProxy = 120986F21F8F200700D90270 /* PBXContainerItemProxy */;
		};
		120986FE1F8F200700D90270 /* PBXTargetDependency */ = {
			isa = PBXTargetDependency;
			target = 120986DC1F8F200700D90270 /* Shadow Button */;
			targetProxy = 120986FD1F8F200700D90270 /* PBXContainerItemProxy */;
		};
/* End PBXTargetDependency section */

/* Begin PBXVariantGroup section */
		120986E41F8F200700D90270 /* Main.storyboard */ = {
			isa = PBXVariantGroup;
			children = (
				120986E51F8F200700D90270 /* Base */,
			);
			name = Main.storyboard;
			sourceTree = "<group>";
		};
		120986E91F8F200700D90270 /* LaunchScreen.storyboard */ = {
			isa = PBXVariantGroup;
			children = (
				120986EA1F8F200700D90270 /* Base */,
			);
			name = LaunchScreen.storyboard;
			sourceTree = "<group>";
		};
/* End PBXVariantGroup section */

/* Begin XCBuildConfiguration section */
		120987031F8F200700D90270 /* Debug */ = {
			isa = XCBuildConfiguration;
			buildSettings = {
				ALWAYS_SEARCH_USER_PATHS = NO;
				CLANG_ANALYZER_NONNULL = YES;
				CLANG_ANALYZER_NUMBER_OBJECT_CONVERSION = YES_AGGRESSIVE;
				CLANG_CXX_LANGUAGE_STANDARD = "gnu++0x";
				CLANG_CXX_LIBRARY = "libc++";
				CLANG_ENABLE_MODULES = YES;
				CLANG_ENABLE_OBJC_ARC = YES;
				CLANG_WARN_BOOL_CONVERSION = YES;
				CLANG_WARN_CONSTANT_CONVERSION = YES;
				CLANG_WARN_DIRECT_OBJC_ISA_USAGE = YES_ERROR;
				CLANG_WARN_DOCUMENTATION_COMMENTS = YES;
				CLANG_WARN_EMPTY_BODY = YES;
				CLANG_WARN_ENUM_CONVERSION = YES;
				CLANG_WARN_INFINITE_RECURSION = YES;
				CLANG_WARN_INT_CONVERSION = YES;
				CLANG_WARN_OBJC_ROOT_CLASS = YES_ERROR;
				CLANG_WARN_SUSPICIOUS_MOVE = YES;
				CLANG_WARN_UNREACHABLE_CODE = YES;
				CLANG_WARN__DUPLICATE_METHOD_MATCH = YES;
				"CODE_SIGN_IDENTITY[sdk=iphoneos*]" = "iPhone Developer";
				COPY_PHASE_STRIP = NO;
				DEBUG_INFORMATION_FORMAT = dwarf;
				ENABLE_STRICT_OBJC_MSGSEND = YES;
				ENABLE_TESTABILITY = YES;
				GCC_C_LANGUAGE_STANDARD = gnu99;
				GCC_DYNAMIC_NO_PIC = NO;
				GCC_NO_COMMON_BLOCKS = YES;
				GCC_OPTIMIZATION_LEVEL = 0;
				GCC_PREPROCESSOR_DEFINITIONS = (
					"DEBUG=1",
					"$(inherited)",
				);
				GCC_WARN_64_TO_32_BIT_CONVERSION = YES;
				GCC_WARN_ABOUT_RETURN_TYPE = YES_ERROR;
				GCC_WARN_UNDECLARED_SELECTOR = YES;
				GCC_WARN_UNINITIALIZED_AUTOS = YES_AGGRESSIVE;
				GCC_WARN_UNUSED_FUNCTION = YES;
				GCC_WARN_UNUSED_VARIABLE = YES;
				IPHONEOS_DEPLOYMENT_TARGET = 10.3;
				MTL_ENABLE_DEBUG_INFO = YES;
				ONLY_ACTIVE_ARCH = YES;
				SDKROOT = iphoneos;
				SWIFT_ACTIVE_COMPILATION_CONDITIONS = DEBUG;
				SWIFT_OPTIMIZATION_LEVEL = "-Onone";
				TARGETED_DEVICE_FAMILY = "1,2";
			};
			name = Debug;
		};
		120987041F8F200700D90270 /* Release */ = {
			isa = XCBuildConfiguration;
			buildSettings = {
				ALWAYS_SEARCH_USER_PATHS = NO;
				CLANG_ANALYZER_NONNULL = YES;
				CLANG_ANALYZER_NUMBER_OBJECT_CONVERSION = YES_AGGRESSIVE;
				CLANG_CXX_LANGUAGE_STANDARD = "gnu++0x";
				CLANG_CXX_LIBRARY = "libc++";
				CLANG_ENABLE_MODULES = YES;
				CLANG_ENABLE_OBJC_ARC = YES;
				CLANG_WARN_BOOL_CONVERSION = YES;
				CLANG_WARN_CONSTANT_CONVERSION = YES;
				CLANG_WARN_DIRECT_OBJC_ISA_USAGE = YES_ERROR;
				CLANG_WARN_DOCUMENTATION_COMMENTS = YES;
				CLANG_WARN_EMPTY_BODY = YES;
				CLANG_WARN_ENUM_CONVERSION = YES;
				CLANG_WARN_INFINITE_RECURSION = YES;
				CLANG_WARN_INT_CONVERSION = YES;
				CLANG_WARN_OBJC_ROOT_CLASS = YES_ERROR;
				CLANG_WARN_SUSPICIOUS_MOVE = YES;
				CLANG_WARN_UNREACHABLE_CODE = YES;
				CLANG_WARN__DUPLICATE_METHOD_MATCH = YES;
				"CODE_SIGN_IDENTITY[sdk=iphoneos*]" = "iPhone Developer";
				COPY_PHASE_STRIP = NO;
				DEBUG_INFORMATION_FORMAT = "dwarf-with-dsym";
				ENABLE_NS_ASSERTIONS = NO;
				ENABLE_STRICT_OBJC_MSGSEND = YES;
				GCC_C_LANGUAGE_STANDARD = gnu99;
				GCC_NO_COMMON_BLOCKS = YES;
				GCC_WARN_64_TO_32_BIT_CONVERSION = YES;
				GCC_WARN_ABOUT_RETURN_TYPE = YES_ERROR;
				GCC_WARN_UNDECLARED_SELECTOR = YES;
				GCC_WARN_UNINITIALIZED_AUTOS = YES_AGGRESSIVE;
				GCC_WARN_UNUSED_FUNCTION = YES;
				GCC_WARN_UNUSED_VARIABLE = YES;
				IPHONEOS_DEPLOYMENT_TARGET = 10.3;
				MTL_ENABLE_DEBUG_INFO = NO;
				SDKROOT = iphoneos;
				SWIFT_OPTIMIZATION_LEVEL = "-Owholemodule";
				TARGETED_DEVICE_FAMILY = "1,2";
				VALIDATE_PRODUCT = YES;
			};
			name = Release;
		};
		120987061F8F200700D90270 /* Debug */ = {
			isa = XCBuildConfiguration;
			buildSettings = {
				ASSETCATALOG_COMPILER_APPICON_NAME = AppIcon;
				DEVELOPMENT_TEAM = 3VQPNA4MTA;
				INFOPLIST_FILE = "Shadow Button/Info.plist";
				LD_RUNPATH_SEARCH_PATHS = "$(inherited) @executable_path/Frameworks";
				PRODUCT_BUNDLE_IDENTIFIER = "apabae.Shadow-Button";
				PRODUCT_NAME = "$(TARGET_NAME)";
				SWIFT_VERSION = 3.0;
			};
			name = Debug;
		};
		120987071F8F200700D90270 /* Release */ = {
			isa = XCBuildConfiguration;
			buildSettings = {
				ASSETCATALOG_COMPILER_APPICON_NAME = AppIcon;
				DEVELOPMENT_TEAM = 3VQPNA4MTA;
				INFOPLIST_FILE = "Shadow Button/Info.plist";
				LD_RUNPATH_SEARCH_PATHS = "$(inherited) @executable_path/Frameworks";
				PRODUCT_BUNDLE_IDENTIFIER = "apabae.Shadow-Button";
				PRODUCT_NAME = "$(TARGET_NAME)";
				SWIFT_VERSION = 3.0;
			};
			name = Release;
		};
		120987091F8F200700D90270 /* Debug */ = {
			isa = XCBuildConfiguration;
			buildSettings = {
				ALWAYS_EMBED_SWIFT_STANDARD_LIBRARIES = YES;
				BUNDLE_LOADER = "$(TEST_HOST)";
				DEVELOPMENT_TEAM = 3VQPNA4MTA;
				INFOPLIST_FILE = "Shadow ButtonTests/Info.plist";
				LD_RUNPATH_SEARCH_PATHS = "$(inherited) @executable_path/Frameworks @loader_path/Frameworks";
				PRODUCT_BUNDLE_IDENTIFIER = "apabae.Shadow-ButtonTests";
				PRODUCT_NAME = "$(TARGET_NAME)";
				SWIFT_VERSION = 3.0;
				TEST_HOST = "$(BUILT_PRODUCTS_DIR)/Shadow Button.app/Shadow Button";
			};
			name = Debug;
		};
		1209870A1F8F200700D90270 /* Release */ = {
			isa = XCBuildConfiguration;
			buildSettings = {
				ALWAYS_EMBED_SWIFT_STANDARD_LIBRARIES = YES;
				BUNDLE_LOADER = "$(TEST_HOST)";
				DEVELOPMENT_TEAM = 3VQPNA4MTA;
				INFOPLIST_FILE = "Shadow ButtonTests/Info.plist";
				LD_RUNPATH_SEARCH_PATHS = "$(inherited) @executable_path/Frameworks @loader_path/Frameworks";
				PRODUCT_BUNDLE_IDENTIFIER = "apabae.Shadow-ButtonTests";
				PRODUCT_NAME = "$(TARGET_NAME)";
				SWIFT_VERSION = 3.0;
				TEST_HOST = "$(BUILT_PRODUCTS_DIR)/Shadow Button.app/Shadow Button";
			};
			name = Release;
		};
		1209870C1F8F200700D90270 /* Debug */ = {
			isa = XCBuildConfiguration;
			buildSettings = {
				ALWAYS_EMBED_SWIFT_STANDARD_LIBRARIES = YES;
				DEVELOPMENT_TEAM = 3VQPNA4MTA;
				INFOPLIST_FILE = "Shadow ButtonUITests/Info.plist";
				LD_RUNPATH_SEARCH_PATHS = "$(inherited) @executable_path/Frameworks @loader_path/Frameworks";
				PRODUCT_BUNDLE_IDENTIFIER = "apabae.Shadow-ButtonUITests";
				PRODUCT_NAME = "$(TARGET_NAME)";
				SWIFT_VERSION = 3.0;
				TEST_TARGET_NAME = "Shadow Button";
			};
			name = Debug;
		};
		1209870D1F8F200700D90270 /* Release */ = {
			isa = XCBuildConfiguration;
			buildSettings = {
				ALWAYS_EMBED_SWIFT_STANDARD_LIBRARIES = YES;
				DEVELOPMENT_TEAM = 3VQPNA4MTA;
				INFOPLIST_FILE = "Shadow ButtonUITests/Info.plist";
				LD_RUNPATH_SEARCH_PATHS = "$(inherited) @executable_path/Frameworks @loader_path/Frameworks";
				PRODUCT_BUNDLE_IDENTIFIER = "apabae.Shadow-ButtonUITests";
				PRODUCT_NAME = "$(TARGET_NAME)";
				SWIFT_VERSION = 3.0;
				TEST_TARGET_NAME = "Shadow Button";
			};
			name = Release;
		};
/* End XCBuildConfiguration section */

/* Begin XCConfigurationList section */
		120986D81F8F200700D90270 /* Build configuration list for PBXProject "Shadow Button" */ = {
			isa = XCConfigurationList;
			buildConfigurations = (
				120987031F8F200700D90270 /* Debug */,
				120987041F8F200700D90270 /* Release */,
			);
			defaultConfigurationIsVisible = 0;
			defaultConfigurationName = Release;
		};
		120987051F8F200700D90270 /* Build configuration list for PBXNativeTarget "Shadow Button" */ = {
			isa = XCConfigurationList;
			buildConfigurations = (
				120987061F8F200700D90270 /* Debug */,
				120987071F8F200700D90270 /* Release */,
			);
			defaultConfigurationIsVisible = 0;
		};
		120987081F8F200700D90270 /* Build configuration list for PBXNativeTarget "Shadow ButtonTests" */ = {
			isa = XCConfigurationList;
			buildConfigurations = (
				120987091F8F200700D90270 /* Debug */,
				1209870A1F8F200700D90270 /* Release */,
			);
			defaultConfigurationIsVisible = 0;
		};
		1209870B1F8F200700D90270 /* Build configuration list for PBXNativeTarget "Shadow ButtonUITests" */ = {
			isa = XCConfigurationList;
			buildConfigurations = (
				1209870C1F8F200700D90270 /* Debug */,
				1209870D1F8F200700D90270 /* Release */,
			);
			defaultConfigurationIsVisible = 0;
		};
/* End XCConfigurationList section */
	};
	rootObject = 120986D51F8F200700D90270 /* Project object */;
}
